
Microsoft Visual Studio Solution File, Format Version 12.00
# Visual Studio 14
VisualStudioVersion = 14.0.23107.0
MinimumVisualStudioVersion = 10.0.40219.1
Project("{F184B08F-C81C-45F6-A57F-5ABD9991F28F}") = "ExportarDatagridviewExcel", "ExportarDatagridviewExcel\ExportarDatagridviewExcel.vbproj", "{C6AF7BCD-3101-45FB-9A8F-A87936CBA2CF}"
EndProject
Global
	GlobalSection(SolutionConfigurationPlatforms) = preSolution
		Debug|Any CPU = Debug|Any CPU
		Release|Any CPU = Release|Any CPU
	EndGlobalSection
	GlobalSection(ProjectConfigurationPlatforms) = postSolution
		{C6AF7BCD-3101-45FB-9A8F-A87936CBA2CF}.Debug|Any CPU.ActiveCfg = Debug|Any CPU
		{C6AF7BCD-3101-45FB-9A8F-A87936CBA2CF}.Debug|Any CPU.Build.0 = Debug|Any CPU
		{C6AF7BCD-3101-45FB-9A8F-A87936CBA2CF}.Release|Any CPU.ActiveCfg = Release|Any CPU
		{C6AF7BCD-3101-45FB-9A8F-A87936CBA2CF}.Release|Any CPU.Build.0 = Release|Any CPU
	EndGlobalSection
	GlobalSection(SolutionProperties) = preSolution
		HideSolutionNode = FALSE
	EndGlobalSection
EndGlobal
