
Microsoft Visual Studio Solution File, Format Version 12.00
# Visual Studio 14
VisualStudioVersion = 14.0.23107.0
MinimumVisualStudioVersion = 10.0.40219.1
Project("{F184B08F-C81C-45F6-A57F-5ABD9991F28F}") = "SoftwareLocalGustos", "SoftwareLocalGustos\SoftwareLocalGustos.vbproj", "{4A2FB9E8-EE89-417A-9521-3456FE9428EC}"
EndProject
Global
	GlobalSection(SolutionConfigurationPlatforms) = preSolution
		Debug|Any CPU = Debug|Any CPU
		Release|Any CPU = Release|Any CPU
	EndGlobalSection
	GlobalSection(ProjectConfigurationPlatforms) = postSolution
		{4A2FB9E8-EE89-417A-9521-3456FE9428EC}.Debug|Any CPU.ActiveCfg = Debug|Any CPU
		{4A2FB9E8-EE89-417A-9521-3456FE9428EC}.Debug|Any CPU.Build.0 = Debug|Any CPU
		{4A2FB9E8-EE89-417A-9521-3456FE9428EC}.Release|Any CPU.ActiveCfg = Release|Any CPU
		{4A2FB9E8-EE89-417A-9521-3456FE9428EC}.Release|Any CPU.Build.0 = Release|Any CPU
	EndGlobalSection
	GlobalSection(SolutionProperties) = preSolution
		HideSolutionNode = FALSE
	EndGlobalSection
EndGlobal
