
Microsoft Visual Studio Solution File, Format Version 11.00
# Visual Studio 2010
Project("{F184B08F-C81C-45F6-A57F-5ABD9991F28F}") = "ConsoleApplication2", "ConsoleApplication2\ConsoleApplication2.vbproj", "{C126702B-4FDF-4F86-8E2E-7E940283CBD2}"
EndProject
Global
	GlobalSection(SolutionConfigurationPlatforms) = preSolution
		Debug|x86 = Debug|x86
		Release|x86 = Release|x86
	EndGlobalSection
	GlobalSection(ProjectConfigurationPlatforms) = postSolution
		{C126702B-4FDF-4F86-8E2E-7E940283CBD2}.Debug|x86.ActiveCfg = Debug|x86
		{C126702B-4FDF-4F86-8E2E-7E940283CBD2}.Debug|x86.Build.0 = Debug|x86
		{C126702B-4FDF-4F86-8E2E-7E940283CBD2}.Release|x86.ActiveCfg = Release|x86
		{C126702B-4FDF-4F86-8E2E-7E940283CBD2}.Release|x86.Build.0 = Release|x86
	EndGlobalSection
	GlobalSection(SolutionProperties) = preSolution
		HideSolutionNode = FALSE
	EndGlobalSection
EndGlobal
