
Microsoft Visual Studio Solution File, Format Version 12.00
# Visual Studio 15
VisualStudioVersion = 15.0.27703.2018
MinimumVisualStudioVersion = 10.0.40219.1
Project("{F184B08F-C81C-45F6-A57F-5ABD9991F28F}") = "Modulo 2 - Nota Venta PYM", "Modulo 2 - Nota Venta PYM\Modulo 2 - Nota Venta PYM.vbproj", "{4B5EC100-3D6F-4D70-BE05-33C1BF9BE83C}"
EndProject
Global
	GlobalSection(SolutionConfigurationPlatforms) = preSolution
		Debug|Any CPU = Debug|Any CPU
		Release|Any CPU = Release|Any CPU
	EndGlobalSection
	GlobalSection(ProjectConfigurationPlatforms) = postSolution
		{4B5EC100-3D6F-4D70-BE05-33C1BF9BE83C}.Debug|Any CPU.ActiveCfg = Debug|Any CPU
		{4B5EC100-3D6F-4D70-BE05-33C1BF9BE83C}.Debug|Any CPU.Build.0 = Debug|Any CPU
		{4B5EC100-3D6F-4D70-BE05-33C1BF9BE83C}.Release|Any CPU.ActiveCfg = Release|Any CPU
		{4B5EC100-3D6F-4D70-BE05-33C1BF9BE83C}.Release|Any CPU.Build.0 = Release|Any CPU
	EndGlobalSection
	GlobalSection(SolutionProperties) = preSolution
		HideSolutionNode = FALSE
	EndGlobalSection
	GlobalSection(ExtensibilityGlobals) = postSolution
		SolutionGuid = {871CBD2F-B310-42D9-9880-18293AE2ADF9}
	EndGlobalSection
EndGlobal
